
Microsoft Visual Studio Solution File, Format Version 12.00
# Visual Studio Version 16
VisualStudioVersion = 16.0.31129.286
MinimumVisualStudioVersion = 10.0.40219.1
Project("{FAE04EC0-301F-11D3-BF4B-00C04F79EFBC}") = "Università_GraziellaCaputo", "Università_GraziellaCaputo\Università_GraziellaCaputo.csproj", "{42011D89-B984-49D0-904E-6E0D8FE9DF71}"
EndProject
Global
	GlobalSection(SolutionConfigurationPlatforms) = preSolution
		Debug|Any CPU = Debug|Any CPU
		Release|Any CPU = Release|Any CPU
	EndGlobalSection
	GlobalSection(ProjectConfigurationPlatforms) = postSolution
		{42011D89-B984-49D0-904E-6E0D8FE9DF71}.Debug|Any CPU.ActiveCfg = Debug|Any CPU
		{42011D89-B984-49D0-904E-6E0D8FE9DF71}.Debug|Any CPU.Build.0 = Debug|Any CPU
		{42011D89-B984-49D0-904E-6E0D8FE9DF71}.Release|Any CPU.ActiveCfg = Release|Any CPU
		{42011D89-B984-49D0-904E-6E0D8FE9DF71}.Release|Any CPU.Build.0 = Release|Any CPU
	EndGlobalSection
	GlobalSection(SolutionProperties) = preSolution
		HideSolutionNode = FALSE
	EndGlobalSection
	GlobalSection(ExtensibilityGlobals) = postSolution
		SolutionGuid = {EFF65E54-1B01-466F-A881-A2C0C91CDEC3}
	EndGlobalSection
EndGlobal
